
Microsoft Visual Studio Solution File, Format Version 12.00
# Visual Studio 15
Project("{FAE04EC0-301F-11D3-BF4B-00C04F79EFBC}") = "Assembly-CSharp", "Assembly-CSharp.csproj", "{99AB551A-FC79-9F59-D5B0-9C2F6FF8767A}"
EndProject
Project("{FAE04EC0-301F-11D3-BF4B-00C04F79EFBC}") = "Assembly-CSharp-Editor", "Assembly-CSharp-Editor.csproj", "{0EEC902C-EAF8-0D21-41C0-0ABF86FAE4AE}"
EndProject
Global
	GlobalSection(SolutionConfigurationPlatforms) = preSolution
		Debug|Any CPU = Debug|Any CPU
		Release|Any CPU = Release|Any CPU
	EndGlobalSection
	GlobalSection(ProjectConfigurationPlatforms) = postSolution
		{99AB551A-FC79-9F59-D5B0-9C2F6FF8767A}.Debug|Any CPU.ActiveCfg = Debug|Any CPU
		{99AB551A-FC79-9F59-D5B0-9C2F6FF8767A}.Debug|Any CPU.Build.0 = Debug|Any CPU
		{99AB551A-FC79-9F59-D5B0-9C2F6FF8767A}.Release|Any CPU.ActiveCfg = Release|Any CPU
		{99AB551A-FC79-9F59-D5B0-9C2F6FF8767A}.Release|Any CPU.Build.0 = Release|Any CPU
		{0EEC902C-EAF8-0D21-41C0-0ABF86FAE4AE}.Debug|Any CPU.ActiveCfg = Debug|Any CPU
		{0EEC902C-EAF8-0D21-41C0-0ABF86FAE4AE}.Debug|Any CPU.Build.0 = Debug|Any CPU
		{0EEC902C-EAF8-0D21-41C0-0ABF86FAE4AE}.Release|Any CPU.ActiveCfg = Release|Any CPU
		{0EEC902C-EAF8-0D21-41C0-0ABF86FAE4AE}.Release|Any CPU.Build.0 = Release|Any CPU
	EndGlobalSection
	GlobalSection(SolutionProperties) = preSolution
		HideSolutionNode = FALSE
	EndGlobalSection
EndGlobal
